// !$*UTF8*$!
{
	archiveVersion = 1;
	classes = {
	};
	objectVersion = 46;
	objects = {

/* Begin PBXBuildFile section */
		8C657EC81CD4876500882DA2 /* AppDelegate.swift in Sources */ = {isa = PBXBuildFile; fileRef = 8C657EC71CD4876500882DA2 /* AppDelegate.swift */; };
		8C657ECA1CD4876500882DA2 /* ViewController.swift in Sources */ = {isa = PBXBuildFile; fileRef = 8C657EC91CD4876500882DA2 /* ViewController.swift */; };
		8C657ECD1CD4876500882DA2 /* Main.storyboard in Resources */ = {isa = PBXBuildFile; fileRef = 8C657ECB1CD4876500882DA2 /* Main.storyboard */; };
		8C657ECF1CD4876500882DA2 /* Assets.xcassets in Resources */ = {isa = PBXBuildFile; fileRef = 8C657ECE1CD4876500882DA2 /* Assets.xcassets */; };
		8C657ED21CD4876500882DA2 /* LaunchScreen.storyboard in Resources */ = {isa = PBXBuildFile; fileRef = 8C657ED01CD4876500882DA2 /* LaunchScreen.storyboard */; };
		8C657EDD1CD4876500882DA2 /* SimpleBrowserTests.swift in Sources */ = {isa = PBXBuildFile; fileRef = 8C657EDC1CD4876500882DA2 /* SimpleBrowserTests.swift */; };
		8C657EE81CD4876500882DA2 /* SimpleBrowserUITests.swift in Sources */ = {isa = PBXBuildFile; fileRef = 8C657EE71CD4876500882DA2 /* SimpleBrowserUITests.swift */; };
		8C9DFCBD1CD6370A00B4165F /* button-back.png in Resources */ = {isa = PBXBuildFile; fileRef = 8C9DFCBC1CD6370A00B4165F /* button-back.png */; };
/* End PBXBuildFile section */

/* Begin PBXContainerItemProxy section */
		8C657ED91CD4876500882DA2 /* PBXContainerItemProxy */ = {
			isa = PBXContainerItemProxy;
			containerPortal = 8C657EBC1CD4876400882DA2 /* Project object */;
			proxyType = 1;
			remoteGlobalIDString = 8C657EC31CD4876400882DA2;
			remoteInfo = SimpleBrowser;
		};
		8C657EE41CD4876500882DA2 /* PBXContainerItemProxy */ = {
			isa = PBXContainerItemProxy;
			containerPortal = 8C657EBC1CD4876400882DA2 /* Project object */;
			proxyType = 1;
			remoteGlobalIDString = 8C657EC31CD4876400882DA2;
			remoteInfo = SimpleBrowser;
		};
/* End PBXContainerItemProxy section */

/* Begin PBXFileReference section */
		8C657EC41CD4876500882DA2 /* SimpleBrowser.app */ = {isa = PBXFileReference; explicitFileType = wrapper.application; includeInIndex = 0; path = SimpleBrowser.app; sourceTree = BUILT_PRODUCTS_DIR; };
		8C657EC71CD4876500882DA2 /* AppDelegate.swift */ = {isa = PBXFileReference; lastKnownFileType = sourcecode.swift; path = AppDelegate.swift; sourceTree = "<group>"; };
		8C657EC91CD4876500882DA2 /* ViewController.swift */ = {isa = PBXFileReference; lastKnownFileType = sourcecode.swift; path = ViewController.swift; sourceTree = "<group>"; };
		8C657ECC1CD4876500882DA2 /* Base */ = {isa = PBXFileReference; lastKnownFileType = file.storyboard; name = Base; path = Base.lproj/Main.storyboard; sourceTree = "<group>"; };
		8C657ECE1CD4876500882DA2 /* Assets.xcassets */ = {isa = PBXFileReference; lastKnownFileType = folder.assetcatalog; path = Assets.xcassets; sourceTree = "<group>"; };
		8C657ED11CD4876500882DA2 /* Base */ = {isa = PBXFileReference; lastKnownFileType = file.storyboard; name = Base; path = Base.lproj/LaunchScreen.storyboard; sourceTree = "<group>"; };
		8C657ED31CD4876500882DA2 /* Info.plist */ = {isa = PBXFileReference; lastKnownFileType = text.plist.xml; path = Info.plist; sourceTree = "<group>"; };
		8C657ED81CD4876500882DA2 /* SimpleBrowserTests.xctest */ = {isa = PBXFileReference; explicitFileType = wrapper.cfbundle; includeInIndex = 0; path = SimpleBrowserTests.xctest; sourceTree = BUILT_PRODUCTS_DIR; };
		8C657EDC1CD4876500882DA2 /* SimpleBrowserTests.swift */ = {isa = PBXFileReference; lastKnownFileType = sourcecode.swift; path = SimpleBrowserTests.swift; sourceTree = "<group>"; };
		8C657EDE1CD4876500882DA2 /* Info.plist */ = {isa = PBXFileReference; lastKnownFileType = text.plist.xml; path = Info.plist; sourceTree = "<group>"; };
		8C657EE31CD4876500882DA2 /* SimpleBrowserUITests.xctest */ = {isa = PBXFileReference; explicitFileType = wrapper.cfbundle; includeInIndex = 0; path = SimpleBrowserUITests.xctest; sourceTree = BUILT_PRODUCTS_DIR; };
		8C657EE71CD4876500882DA2 /* SimpleBrowserUITests.swift */ = {isa = PBXFileReference; lastKnownFileType = sourcecode.swift; path = SimpleBrowserUITests.swift; sourceTree = "<group>"; };
		8C657EE91CD4876500882DA2 /* Info.plist */ = {isa = PBXFileReference; lastKnownFileType = text.plist.xml; path = Info.plist; sourceTree = "<group>"; };
		8C9DFCBC1CD6370A00B4165F /* button-back.png */ = {isa = PBXFileReference; lastKnownFileType = image.png; name = "button-back.png"; path = "Resources/button-back.png"; sourceTree = SOURCE_ROOT; };
/* End PBXFileReference section */

/* Begin PBXFrameworksBuildPhase section */
		8C657EC11CD4876400882DA2 /* Frameworks */ = {
			isa = PBXFrameworksBuildPhase;
			buildActionMask = 2147483647;
			files = (
			);
			runOnlyForDeploymentPostprocessing = 0;
		};
		8C657ED51CD4876500882DA2 /* Frameworks */ = {
			isa = PBXFrameworksBuildPhase;
			buildActionMask = 2147483647;
			files = (
			);
			runOnlyForDeploymentPostprocessing = 0;
		};
		8C657EE01CD4876500882DA2 /* Frameworks */ = {
			isa = PBXFrameworksBuildPhase;
			buildActionMask = 2147483647;
			files = (
			);
			runOnlyForDeploymentPostprocessing = 0;
		};
/* End PBXFrameworksBuildPhase section */

/* Begin PBXGroup section */
		8C657EBB1CD4876400882DA2 = {
			isa = PBXGroup;
			children = (
				8C657EC61CD4876500882DA2 /* SimpleBrowser */,
				8C657EDB1CD4876500882DA2 /* SimpleBrowserTests */,
				8C657EE61CD4876500882DA2 /* SimpleBrowserUITests */,
				8C657EC51CD4876500882DA2 /* Products */,
			);
			sourceTree = "<group>";
		};
		8C657EC51CD4876500882DA2 /* Products */ = {
			isa = PBXGroup;
			children = (
				8C657EC41CD4876500882DA2 /* SimpleBrowser.app */,
				8C657ED81CD4876500882DA2 /* SimpleBrowserTests.xctest */,
				8C657EE31CD4876500882DA2 /* SimpleBrowserUITests.xctest */,
			);
			name = Products;
			sourceTree = "<group>";
		};
		8C657EC61CD4876500882DA2 /* SimpleBrowser */ = {
			isa = PBXGroup;
			children = (
				8C9DFCBB1CD636E100B4165F /* Resources */,
				8C657EC71CD4876500882DA2 /* AppDelegate.swift */,
				8C657EC91CD4876500882DA2 /* ViewController.swift */,
				8C657ECB1CD4876500882DA2 /* Main.storyboard */,
				8C657ECE1CD4876500882DA2 /* Assets.xcassets */,
				8C657ED01CD4876500882DA2 /* LaunchScreen.storyboard */,
				8C657ED31CD4876500882DA2 /* Info.plist */,
			);
			path = SimpleBrowser;
			sourceTree = "<group>";
		};
		8C657EDB1CD4876500882DA2 /* SimpleBrowserTests */ = {
			isa = PBXGroup;
			children = (
				8C657EDC1CD4876500882DA2 /* SimpleBrowserTests.swift */,
				8C657EDE1CD4876500882DA2 /* Info.plist */,
			);
			path = SimpleBrowserTests;
			sourceTree = "<group>";
		};
		8C657EE61CD4876500882DA2 /* SimpleBrowserUITests */ = {
			isa = PBXGroup;
			children = (
				8C657EE71CD4876500882DA2 /* SimpleBrowserUITests.swift */,
				8C657EE91CD4876500882DA2 /* Info.plist */,
			);
			path = SimpleBrowserUITests;
			sourceTree = "<group>";
		};
		8C9DFCBB1CD636E100B4165F /* Resources */ = {
			isa = PBXGroup;
			children = (
				8C9DFCBC1CD6370A00B4165F /* button-back.png */,
			);
			name = Resources;
			sourceTree = "<group>";
		};
/* End PBXGroup section */

/* Begin PBXNativeTarget section */
		8C657EC31CD4876400882DA2 /* SimpleBrowser */ = {
			isa = PBXNativeTarget;
			buildConfigurationList = 8C657EEC1CD4876500882DA2 /* Build configuration list for PBXNativeTarget "SimpleBrowser" */;
			buildPhases = (
				8C657EC01CD4876400882DA2 /* Sources */,
				8C657EC11CD4876400882DA2 /* Frameworks */,
				8C657EC21CD4876400882DA2 /* Resources */,
			);
			buildRules = (
			);
			dependencies = (
			);
			name = SimpleBrowser;
			productName = SimpleBrowser;
			productReference = 8C657EC41CD4876500882DA2 /* SimpleBrowser.app */;
			productType = "com.apple.product-type.application";
		};
		8C657ED71CD4876500882DA2 /* SimpleBrowserTests */ = {
			isa = PBXNativeTarget;
			buildConfigurationList = 8C657EEF1CD4876500882DA2 /* Build configuration list for PBXNativeTarget "SimpleBrowserTests" */;
			buildPhases = (
				8C657ED41CD4876500882DA2 /* Sources */,
				8C657ED51CD4876500882DA2 /* Frameworks */,
				8C657ED61CD4876500882DA2 /* Resources */,
			);
			buildRules = (
			);
			dependencies = (
				8C657EDA1CD4876500882DA2 /* PBXTargetDependency */,
			);
			name = SimpleBrowserTests;
			productName = SimpleBrowserTests;
			productReference = 8C657ED81CD4876500882DA2 /* SimpleBrowserTests.xctest */;
			productType = "com.apple.product-type.bundle.unit-test";
		};
		8C657EE21CD4876500882DA2 /* SimpleBrowserUITests */ = {
			isa = PBXNativeTarget;
			buildConfigurationList = 8C657EF21CD4876500882DA2 /* Build configuration list for PBXNativeTarget "SimpleBrowserUITests" */;
			buildPhases = (
				8C657EDF1CD4876500882DA2 /* Sources */,
				8C657EE01CD4876500882DA2 /* Frameworks */,
				8C657EE11CD4876500882DA2 /* Resources */,
			);
			buildRules = (
			);
			dependencies = (
				8C657EE51CD4876500882DA2 /* PBXTargetDependency */,
			);
			name = SimpleBrowserUITests;
			productName = SimpleBrowserUITests;
			productReference = 8C657EE31CD4876500882DA2 /* SimpleBrowserUITests.xctest */;
			productType = "com.apple.product-type.bundle.ui-testing";
		};
/* End PBXNativeTarget section */

/* Begin PBXProject section */
		8C657EBC1CD4876400882DA2 /* Project object */ = {
			isa = PBXProject;
			attributes = {
				LastSwiftUpdateCheck = 0730;
				LastUpgradeCheck = 0730;
				ORGANIZATIONNAME = shimpeiws;
				TargetAttributes = {
					8C657EC31CD4876400882DA2 = {
						CreatedOnToolsVersion = 7.3;
					};
					8C657ED71CD4876500882DA2 = {
						CreatedOnToolsVersion = 7.3;
						TestTargetID = 8C657EC31CD4876400882DA2;
					};
					8C657EE21CD4876500882DA2 = {
						CreatedOnToolsVersion = 7.3;
						TestTargetID = 8C657EC31CD4876400882DA2;
					};
				};
			};
			buildConfigurationList = 8C657EBF1CD4876400882DA2 /* Build configuration list for PBXProject "SimpleBrowser" */;
			compatibilityVersion = "Xcode 3.2";
			developmentRegion = English;
			hasScannedForEncodings = 0;
			knownRegions = (
				en,
				Base,
			);
			mainGroup = 8C657EBB1CD4876400882DA2;
			productRefGroup = 8C657EC51CD4876500882DA2 /* Products */;
			projectDirPath = "";
			projectRoot = "";
			targets = (
				8C657EC31CD4876400882DA2 /* SimpleBrowser */,
				8C657ED71CD4876500882DA2 /* SimpleBrowserTests */,
				8C657EE21CD4876500882DA2 /* SimpleBrowserUITests */,
			);
		};
/* End PBXProject section */

/* Begin PBXResourcesBuildPhase section */
		8C657EC21CD4876400882DA2 /* Resources */ = {
			isa = PBXResourcesBuildPhase;
			buildActionMask = 2147483647;
			files = (
				8C9DFCBD1CD6370A00B4165F /* button-back.png in Resources */,
				8C657ED21CD4876500882DA2 /* LaunchScreen.storyboard in Resources */,
				8C657ECF1CD4876500882DA2 /* Assets.xcassets in Resources */,
				8C657ECD1CD4876500882DA2 /* Main.storyboard in Resources */,
			);
			runOnlyForDeploymentPostprocessing = 0;
		};
		8C657ED61CD4876500882DA2 /* Resources */ = {
			isa = PBXResourcesBuildPhase;
			buildActionMask = 2147483647;
			files = (
			);
			runOnlyForDeploymentPostprocessing = 0;
		};
		8C657EE11CD4876500882DA2 /* Resources */ = {
			isa = PBXResourcesBuildPhase;
			buildActionMask = 2147483647;
			files = (
			);
			runOnlyForDeploymentPostprocessing = 0;
		};
/* End PBXResourcesBuildPhase section */

/* Begin PBXSourcesBuildPhase section */
		8C657EC01CD4876400882DA2 /* Sources */ = {
			isa = PBXSourcesBuildPhase;
			buildActionMask = 2147483647;
			files = (
				8C657ECA1CD4876500882DA2 /* ViewController.swift in Sources */,
				8C657EC81CD4876500882DA2 /* AppDelegate.swift in Sources */,
			);
			runOnlyForDeploymentPostprocessing = 0;
		};
		8C657ED41CD4876500882DA2 /* Sources */ = {
			isa = PBXSourcesBuildPhase;
			buildActionMask = 2147483647;
			files = (
				8C657EDD1CD4876500882DA2 /* SimpleBrowserTests.swift in Sources */,
			);
			runOnlyForDeploymentPostprocessing = 0;
		};
		8C657EDF1CD4876500882DA2 /* Sources */ = {
			isa = PBXSourcesBuildPhase;
			buildActionMask = 2147483647;
			files = (
				8C657EE81CD4876500882DA2 /* SimpleBrowserUITests.swift in Sources */,
			);
			runOnlyForDeploymentPostprocessing = 0;
		};
/* End PBXSourcesBuildPhase section */

/* Begin PBXTargetDependency section */
		8C657EDA1CD4876500882DA2 /* PBXTargetDependency */ = {
			isa = PBXTargetDependency;
			target = 8C657EC31CD4876400882DA2 /* SimpleBrowser */;
			targetProxy = 8C657ED91CD4876500882DA2 /* PBXContainerItemProxy */;
		};
		8C657EE51CD4876500882DA2 /* PBXTargetDependency */ = {
			isa = PBXTargetDependency;
			target = 8C657EC31CD4876400882DA2 /* SimpleBrowser */;
			targetProxy = 8C657EE41CD4876500882DA2 /* PBXContainerItemProxy */;
		};
/* End PBXTargetDependency section */

/* Begin PBXVariantGroup section */
		8C657ECB1CD4876500882DA2 /* Main.storyboard */ = {
			isa = PBXVariantGroup;
			children = (
				8C657ECC1CD4876500882DA2 /* Base */,
			);
			name = Main.storyboard;
			sourceTree = "<group>";
		};
		8C657ED01CD4876500882DA2 /* LaunchScreen.storyboard */ = {
			isa = PBXVariantGroup;
			children = (
				8C657ED11CD4876500882DA2 /* Base */,
			);
			name = LaunchScreen.storyboard;
			sourceTree = "<group>";
		};
/* End PBXVariantGroup section */

/* Begin XCBuildConfiguration section */
		8C657EEA1CD4876500882DA2 /* Debug */ = {
			isa = XCBuildConfiguration;
			buildSettings = {
				ALWAYS_SEARCH_USER_PATHS = NO;
				CLANG_ANALYZER_NONNULL = YES;
				CLANG_CXX_LANGUAGE_STANDARD = "gnu++0x";
				CLANG_CXX_LIBRARY = "libc++";
				CLANG_ENABLE_MODULES = YES;
				CLANG_ENABLE_OBJC_ARC = YES;
				CLANG_WARN_BOOL_CONVERSION = YES;
				CLANG_WARN_CONSTANT_CONVERSION = YES;
				CLANG_WARN_DIRECT_OBJC_ISA_USAGE = YES_ERROR;
				CLANG_WARN_EMPTY_BODY = YES;
				CLANG_WARN_ENUM_CONVERSION = YES;
				CLANG_WARN_INT_CONVERSION = YES;
				CLANG_WARN_OBJC_ROOT_CLASS = YES_ERROR;
				CLANG_WARN_UNREACHABLE_CODE = YES;
				CLANG_WARN__DUPLICATE_METHOD_MATCH = YES;
				"CODE_SIGN_IDENTITY[sdk=iphoneos*]" = "iPhone Developer";
				COPY_PHASE_STRIP = NO;
				DEBUG_INFORMATION_FORMAT = dwarf;
				ENABLE_STRICT_OBJC_MSGSEND = YES;
				ENABLE_TESTABILITY = YES;
				GCC_C_LANGUAGE_STANDARD = gnu99;
				GCC_DYNAMIC_NO_PIC = NO;
				GCC_NO_COMMON_BLOCKS = YES;
				GCC_OPTIMIZATION_LEVEL = 0;
				GCC_PREPROCESSOR_DEFINITIONS = (
					"DEBUG=1",
					"$(inherited)",
				);
				GCC_WARN_64_TO_32_BIT_CONVERSION = YES;
				GCC_WARN_ABOUT_RETURN_TYPE = YES_ERROR;
				GCC_WARN_UNDECLARED_SELECTOR = YES;
				GCC_WARN_UNINITIALIZED_AUTOS = YES_AGGRESSIVE;
				GCC_WARN_UNUSED_FUNCTION = YES;
				GCC_WARN_UNUSED_VARIABLE = YES;
				IPHONEOS_DEPLOYMENT_TARGET = 9.3;
				MTL_ENABLE_DEBUG_INFO = YES;
				ONLY_ACTIVE_ARCH = YES;
				SDKROOT = iphoneos;
				SWIFT_OPTIMIZATION_LEVEL = "-Onone";
				TARGETED_DEVICE_FAMILY = "1,2";
			};
			name = Debug;
		};
		8C657EEB1CD4876500882DA2 /* Release */ = {
			isa = XCBuildConfiguration;
			buildSettings = {
				ALWAYS_SEARCH_USER_PATHS = NO;
				CLANG_ANALYZER_NONNULL = YES;
				CLANG_CXX_LANGUAGE_STANDARD = "gnu++0x";
				CLANG_CXX_LIBRARY = "libc++";
				CLANG_ENABLE_MODULES = YES;
				CLANG_ENABLE_OBJC_ARC = YES;
				CLANG_WARN_BOOL_CONVERSION = YES;
				CLANG_WARN_CONSTANT_CONVERSION = YES;
				CLANG_WARN_DIRECT_OBJC_ISA_USAGE = YES_ERROR;
				CLANG_WARN_EMPTY_BODY = YES;
				CLANG_WARN_ENUM_CONVERSION = YES;
				CLANG_WARN_INT_CONVERSION = YES;
				CLANG_WARN_OBJC_ROOT_CLASS = YES_ERROR;
				CLANG_WARN_UNREACHABLE_CODE = YES;
				CLANG_WARN__DUPLICATE_METHOD_MATCH = YES;
				"CODE_SIGN_IDENTITY[sdk=iphoneos*]" = "iPhone Developer";
				COPY_PHASE_STRIP = NO;
				DEBUG_INFORMATION_FORMAT = "dwarf-with-dsym";
				ENABLE_NS_ASSERTIONS = NO;
				ENABLE_STRICT_OBJC_MSGSEND = YES;
				GCC_C_LANGUAGE_STANDARD = gnu99;
				GCC_NO_COMMON_BLOCKS = YES;
				GCC_WARN_64_TO_32_BIT_CONVERSION = YES;
				GCC_WARN_ABOUT_RETURN_TYPE = YES_ERROR;
				GCC_WARN_UNDECLARED_SELECTOR = YES;
				GCC_WARN_UNINITIALIZED_AUTOS = YES_AGGRESSIVE;
				GCC_WARN_UNUSED_FUNCTION = YES;
				GCC_WARN_UNUSED_VARIABLE = YES;
				IPHONEOS_DEPLOYMENT_TARGET = 9.3;
				MTL_ENABLE_DEBUG_INFO = NO;
				SDKROOT = iphoneos;
				TARGETED_DEVICE_FAMILY = "1,2";
				VALIDATE_PRODUCT = YES;
			};
			name = Release;
		};
		8C657EED1CD4876500882DA2 /* Debug */ = {
			isa = XCBuildConfiguration;
			buildSettings = {
				ASSETCATALOG_COMPILER_APPICON_NAME = AppIcon;
				INFOPLIST_FILE = SimpleBrowser/Info.plist;
				LD_RUNPATH_SEARCH_PATHS = "$(inherited) @executable_path/Frameworks";
				PRODUCT_BUNDLE_IDENTIFIER = ws.shimpei.SimpleBrowser;
				PRODUCT_NAME = "$(TARGET_NAME)";
			};
			name = Debug;
		};
		8C657EEE1CD4876500882DA2 /* Release */ = {
			isa = XCBuildConfiguration;
			buildSettings = {
				ASSETCATALOG_COMPILER_APPICON_NAME = AppIcon;
				INFOPLIST_FILE = SimpleBrowser/Info.plist;
				LD_RUNPATH_SEARCH_PATHS = "$(inherited) @executable_path/Frameworks";
				PRODUCT_BUNDLE_IDENTIFIER = ws.shimpei.SimpleBrowser;
				PRODUCT_NAME = "$(TARGET_NAME)";
			};
			name = Release;
		};
		8C657EF01CD4876500882DA2 /* Debug */ = {
			isa = XCBuildConfiguration;
			buildSettings = {
				BUNDLE_LOADER = "$(TEST_HOST)";
				INFOPLIST_FILE = SimpleBrowserTests/Info.plist;
				LD_RUNPATH_SEARCH_PATHS = "$(inherited) @executable_path/Frameworks @loader_path/Frameworks";
				PRODUCT_BUNDLE_IDENTIFIER = ws.shimpei.SimpleBrowserTests;
				PRODUCT_NAME = "$(TARGET_NAME)";
				TEST_HOST = "$(BUILT_PRODUCTS_DIR)/SimpleBrowser.app/SimpleBrowser";
			};
			name = Debug;
		};
		8C657EF11CD4876500882DA2 /* Release */ = {
			isa = XCBuildConfiguration;
			buildSettings = {
				BUNDLE_LOADER = "$(TEST_HOST)";
				INFOPLIST_FILE = SimpleBrowserTests/Info.plist;
				LD_RUNPATH_SEARCH_PATHS = "$(inherited) @executable_path/Frameworks @loader_path/Frameworks";
				PRODUCT_BUNDLE_IDENTIFIER = ws.shimpei.SimpleBrowserTests;
				PRODUCT_NAME = "$(TARGET_NAME)";
				TEST_HOST = "$(BUILT_PRODUCTS_DIR)/SimpleBrowser.app/SimpleBrowser";
			};
			name = Release;
		};
		8C657EF31CD4876500882DA2 /* Debug */ = {
			isa = XCBuildConfiguration;
			buildSettings = {
				INFOPLIST_FILE = SimpleBrowserUITests/Info.plist;
				LD_RUNPATH_SEARCH_PATHS = "$(inherited) @executable_path/Frameworks @loader_path/Frameworks";
				PRODUCT_BUNDLE_IDENTIFIER = ws.shimpei.SimpleBrowserUITests;
				PRODUCT_NAME = "$(TARGET_NAME)";
				TEST_TARGET_NAME = SimpleBrowser;
			};
			name = Debug;
		};
		8C657EF41CD4876500882DA2 /* Release */ = {
			isa = XCBuildConfiguration;
			buildSettings = {
				INFOPLIST_FILE = SimpleBrowserUITests/Info.plist;
				LD_RUNPATH_SEARCH_PATHS = "$(inherited) @executable_path/Frameworks @loader_path/Frameworks";
				PRODUCT_BUNDLE_IDENTIFIER = ws.shimpei.SimpleBrowserUITests;
				PRODUCT_NAME = "$(TARGET_NAME)";
				TEST_TARGET_NAME = SimpleBrowser;
			};
			name = Release;
		};
/* End XCBuildConfiguration section */

/* Begin XCConfigurationList section */
		8C657EBF1CD4876400882DA2 /* Build configuration list for PBXProject "SimpleBrowser" */ = {
			isa = XCConfigurationList;
			buildConfigurations = (
				8C657EEA1CD4876500882DA2 /* Debug */,
				8C657EEB1CD4876500882DA2 /* Release */,
			);
			defaultConfigurationIsVisible = 0;
			defaultConfigurationName = Release;
		};
		8C657EEC1CD4876500882DA2 /* Build configuration list for PBXNativeTarget "SimpleBrowser" */ = {
			isa = XCConfigurationList;
			buildConfigurations = (
				8C657EED1CD4876500882DA2 /* Debug */,
				8C657EEE1CD4876500882DA2 /* Release */,
			);
			defaultConfigurationIsVisible = 0;
			defaultConfigurationName = Release;
		};
		8C657EEF1CD4876500882DA2 /* Build configuration list for PBXNativeTarget "SimpleBrowserTests" */ = {
			isa = XCConfigurationList;
			buildConfigurations = (
				8C657EF01CD4876500882DA2 /* Debug */,
				8C657EF11CD4876500882DA2 /* Release */,
			);
			defaultConfigurationIsVisible = 0;
			defaultConfigurationName = Release;
		};
		8C657EF21CD4876500882DA2 /* Build configuration list for PBXNativeTarget "SimpleBrowserUITests" */ = {
			isa = XCConfigurationList;
			buildConfigurations = (
				8C657EF31CD4876500882DA2 /* Debug */,
				8C657EF41CD4876500882DA2 /* Release */,
			);
			defaultConfigurationIsVisible = 0;
			defaultConfigurationName = Release;
		};
/* End XCConfigurationList section */
	};
	rootObject = 8C657EBC1CD4876400882DA2 /* Project object */;
}
